<?xml version="1.0" encoding="utf-8"?>
<Project ToolsVersion="4.0" xmlns="http://schemas.microsoft.com/developer/msbuild/2003">
  <ItemGroup>
    <Filter Include="ソース ファイル">
      <UniqueIdentifier>{4FC737F1-C7A5-4376-A066-2A32D752A2FF}</UniqueIdentifier>
      <Extensions>cpp;c;cc;cxx;c++;cppm;ixx;def;odl;idl;hpj;bat;asm;asmx</Extensions>
    </Filter>
    <Filter Include="ヘッダー ファイル">
      <UniqueIdentifier>{93995380-89BD-4b04-88EB-625FBE52EBFB}</UniqueIdentifier>
      <Extensions>h;hh;hpp;hxx;h++;hm;inl;inc;ipp;xsd</Extensions>
    </Filter>
    <Filter Include="リソース ファイル">
      <UniqueIdentifier>{67DA6AB6-F800-4c08-8B7A-83BB121AAD01}</UniqueIdentifier>
      <Extensions>rc;ico;cur;bmp;dlg;rc2;rct;bin;rgs;gif;jpg;jpeg;jpe;resx;tiff;tif;png;wav;mfcribbon-ms</Extensions>
    </Filter>
    <Filter Include="ソース ファイル\scene">
      <UniqueIdentifier>{0eb67bda-b601-4b05-b5ed-f09999ddaf96}</UniqueIdentifier>
    </Filter>
    <Filter Include="ソース ファイル\scene\title">
      <UniqueIdentifier>{da233d8b-ed97-4a24-8bf5-43d2cc13a717}</UniqueIdentifier>
    </Filter>
    <Filter Include="ソース ファイル\scene\play">
      <UniqueIdentifier>{b0d1304f-f3a9-4c15-ad9e-f140148f367a}</UniqueIdentifier>
    </Filter>
    <Filter Include="ソース ファイル\scene\result">
      <UniqueIdentifier>{b6928f54-0d61-45b7-99e2-612d5264347c}</UniqueIdentifier>
    </Filter>
    <Filter Include="ソース ファイル\fps">
      <UniqueIdentifier>{d2289522-deb0-400d-ae8f-739c645f79d6}</UniqueIdentifier>
    </Filter>
    <Filter Include="ソース ファイル\input">
      <UniqueIdentifier>{d8455508-4088-4c9a-a28a-ba5112efabb0}</UniqueIdentifier>
    </Filter>
    <Filter Include="ソース ファイル\player">
      <UniqueIdentifier>{2de9212f-5bf8-48b0-8953-96e02b08e17d}</UniqueIdentifier>
    </Filter>
    <Filter Include="ソース ファイル\mathPlus">
      <UniqueIdentifier>{6faf3cd5-b846-4ba9-876f-e6f7ca8c9c8c}</UniqueIdentifier>
    </Filter>
    <Filter Include="ソース ファイル\Item">
      <UniqueIdentifier>{6f10be8a-67aa-4764-a278-ec815c7c29d9}</UniqueIdentifier>
    </Filter>
    <Filter Include="ソース ファイル\Item\Trampoline">
      <UniqueIdentifier>{4f5ab00d-9dc8-4669-b461-581e5621f304}</UniqueIdentifier>
    </Filter>
    <Filter Include="ソース ファイル\Item\Ball">
      <UniqueIdentifier>{cc85c917-1373-4375-92e8-92995fe82a83}</UniqueIdentifier>
    </Filter>
    <Filter Include="ソース ファイル\Map">
      <UniqueIdentifier>{9ccf2f4e-4c8d-4da2-819b-e99411b62c66}</UniqueIdentifier>
    </Filter>
    <Filter Include="ソース ファイル\Screen">
      <UniqueIdentifier>{2bbddcc4-ef14-4672-9542-052b8fab89c6}</UniqueIdentifier>
    </Filter>
    <Filter Include="ソース ファイル\sound">
      <UniqueIdentifier>{b7f91a74-cf66-49ed-88ee-25db433cccff}</UniqueIdentifier>
    </Filter>
  </ItemGroup>
  <ItemGroup>
    <ClCompile Include="src\main.cpp">
      <Filter>ソース ファイル</Filter>
    </ClCompile>
    <ClCompile Include="src\Scene\Scene.cpp">
      <Filter>ソース ファイル\scene</Filter>
    </ClCompile>
    <ClCompile Include="src\Scene\Title\Title.cpp">
      <Filter>ソース ファイル\scene\title</Filter>
    </ClCompile>
    <ClCompile Include="src\Scene\Play\Play.cpp">
      <Filter>ソース ファイル\scene\play</Filter>
    </ClCompile>
    <ClCompile Include="src\Scene\Result\Result.cpp">
      <Filter>ソース ファイル\scene\result</Filter>
    </ClCompile>
    <ClCompile Include="src\FrameRate\FrameRate.cpp">
      <Filter>ソース ファイル\fps</Filter>
    </ClCompile>
    <ClCompile Include="src\Input\Input.cpp">
      <Filter>ソース ファイル\input</Filter>
    </ClCompile>
    <ClCompile Include="src\Player\Player.cpp">
      <Filter>ソース ファイル\player</Filter>
    </ClCompile>
    <ClCompile Include="src\MathPlus\MathPlus.cpp">
      <Filter>ソース ファイル\mathPlus</Filter>
    </ClCompile>
    <ClCompile Include="src\Item\Ball.cpp">
      <Filter>ソース ファイル\Item\Ball</Filter>
    </ClCompile>
    <ClCompile Include="src\Item\Trampoline.cpp">
      <Filter>ソース ファイル\Item\Trampoline</Filter>
    </ClCompile>
    <ClCompile Include="src\Map\Map.cpp">
      <Filter>ソース ファイル\Map</Filter>
    </ClCompile>
    <ClCompile Include="src\Screen\Screen.cpp">
      <Filter>ソース ファイル\Screen</Filter>
    </ClCompile>
    <ClCompile Include="src\Sound\Sound.cpp">
      <Filter>ソース ファイル\sound</Filter>
    </ClCompile>
  </ItemGroup>
  <ItemGroup>
    <ClInclude Include="src\Scene\Scene.h">
      <Filter>ソース ファイル\scene</Filter>
    </ClInclude>
    <ClInclude Include="src\Scene\Title\Title.h">
      <Filter>ソース ファイル\scene\title</Filter>
    </ClInclude>
    <ClInclude Include="src\Scene\Play\Play.h">
      <Filter>ソース ファイル\scene\play</Filter>
    </ClInclude>
    <ClInclude Include="src\Scene\Result\Result.h">
      <Filter>ソース ファイル\scene\result</Filter>
    </ClInclude>
    <ClInclude Include="src\FrameRate\FrameRate.h">
      <Filter>ソース ファイル\fps</Filter>
    </ClInclude>
    <ClInclude Include="src\Input\Input.h">
      <Filter>ソース ファイル\input</Filter>
    </ClInclude>
    <ClInclude Include="src\Player\Player.h">
      <Filter>ソース ファイル\player</Filter>
    </ClInclude>
    <ClInclude Include="src\MathPlus\MathPlus.h">
      <Filter>ソース ファイル\mathPlus</Filter>
    </ClInclude>
    <ClInclude Include="src\Item\Ball.h">
      <Filter>ソース ファイル\Item\Ball</Filter>
    </ClInclude>
    <ClInclude Include="src\Item\Trampoline.h">
      <Filter>ソース ファイル\Item\Trampoline</Filter>
    </ClInclude>
    <ClInclude Include="src\Map\Map.h">
      <Filter>ソース ファイル\Map</Filter>
    </ClInclude>
    <ClInclude Include="src\Screen\Screen.h">
      <Filter>ソース ファイル\Screen</Filter>
    </ClInclude>
    <ClInclude Include="src\Sound\Sound.h">
      <Filter>ソース ファイル\sound</Filter>
    </ClInclude>
  </ItemGroup>
</Project>